// !$*UTF8*$!
{
	archiveVersion = 1;
	classes = {
	};
	objectVersion = 55;
	objects = {

/* Begin PBXBuildFile section */
		2957A5F5689FCA49743FAF8E /* Pods_calendar4.framework in Frameworks */ = {isa = PBXBuildFile; fileRef = 10745275CC0442984D202101 /* Pods_calendar4.framework */; };
		AA282D12284B2E0D001AFA07 /* calendar4App.swift in Sources */ = {isa = PBXBuildFile; fileRef = AA282D11284B2E0D001AFA07 /* calendar4App.swift */; };
		AA282D14284B2E0D001AFA07 /* FSCalendar.swift in Sources */ = {isa = PBXBuildFile; fileRef = AA282D13284B2E0D001AFA07 /* FSCalendar.swift */; };
		AA282D16284B2E0F001AFA07 /* Assets.xcassets in Resources */ = {isa = PBXBuildFile; fileRef = AA282D15284B2E0F001AFA07 /* Assets.xcassets */; };
		AA282D19284B2E0F001AFA07 /* Preview Assets.xcassets in Resources */ = {isa = PBXBuildFile; fileRef = AA282D18284B2E0F001AFA07 /* Preview Assets.xcassets */; };
		AAE12924284DA31E00345345 /* Alert.swift in Sources */ = {isa = PBXBuildFile; fileRef = AAE12923284DA31E00345345 /* Alert.swift */; };
/* End PBXBuildFile section */

/* Begin PBXFileReference section */
		10745275CC0442984D202101 /* Pods_calendar4.framework */ = {isa = PBXFileReference; explicitFileType = wrapper.framework; includeInIndex = 0; path = Pods_calendar4.framework; sourceTree = BUILT_PRODUCTS_DIR; };
		AA282D0E284B2E0D001AFA07 /* calendar4.app */ = {isa = PBXFileReference; explicitFileType = wrapper.application; includeInIndex = 0; path = calendar4.app; sourceTree = BUILT_PRODUCTS_DIR; };
		AA282D11284B2E0D001AFA07 /* calendar4App.swift */ = {isa = PBXFileReference; lastKnownFileType = sourcecode.swift; path = calendar4App.swift; sourceTree = "<group>"; };
		AA282D13284B2E0D001AFA07 /* FSCalendar.swift */ = {isa = PBXFileReference; lastKnownFileType = sourcecode.swift; path = FSCalendar.swift; sourceTree = "<group>"; };
		AA282D15284B2E0F001AFA07 /* Assets.xcassets */ = {isa = PBXFileReference; lastKnownFileType = folder.assetcatalog; path = Assets.xcassets; sourceTree = "<group>"; };
		AA282D18284B2E0F001AFA07 /* Preview Assets.xcassets */ = {isa = PBXFileReference; lastKnownFileType = folder.assetcatalog; path = "Preview Assets.xcassets"; sourceTree = "<group>"; };
		AAE12923284DA31E00345345 /* Alert.swift */ = {isa = PBXFileReference; lastKnownFileType = sourcecode.swift; path = Alert.swift; sourceTree = "<group>"; };
		E33DDAC7D4D43D1421CFE2A2 /* Pods-calendar4.release.xcconfig */ = {isa = PBXFileReference; includeInIndex = 1; lastKnownFileType = text.xcconfig; name = "Pods-calendar4.release.xcconfig"; path = "Target Support Files/Pods-calendar4/Pods-calendar4.release.xcconfig"; sourceTree = "<group>"; };
		EDA5F2AF35A4DAAACFBC5306 /* Pods-calendar4.debug.xcconfig */ = {isa = PBXFileReference; includeInIndex = 1; lastKnownFileType = text.xcconfig; name = "Pods-calendar4.debug.xcconfig"; path = "Target Support Files/Pods-calendar4/Pods-calendar4.debug.xcconfig"; sourceTree = "<group>"; };
/* End PBXFileReference section */

/* Begin PBXFrameworksBuildPhase section */
		AA282D0B284B2E0D001AFA07 /* Frameworks */ = {
			isa = PBXFrameworksBuildPhase;
			buildActionMask = 2147483647;
			files = (
				2957A5F5689FCA49743FAF8E /* Pods_calendar4.framework in Frameworks */,
			);
			runOnlyForDeploymentPostprocessing = 0;
		};
/* End PBXFrameworksBuildPhase section */

/* Begin PBXGroup section */
		1506F4D6F16AD870D1CE3E9B /* Frameworks */ = {
			isa = PBXGroup;
			children = (
				10745275CC0442984D202101 /* Pods_calendar4.framework */,
			);
			name = Frameworks;
			sourceTree = "<group>";
		};
		AA282D05284B2E0D001AFA07 = {
			isa = PBXGroup;
			children = (
				AA282D10284B2E0D001AFA07 /* calendar4 */,
				AA282D0F284B2E0D001AFA07 /* Products */,
				DF94C2888A0BD6B21A6C3840 /* Pods */,
				1506F4D6F16AD870D1CE3E9B /* Frameworks */,
			);
			sourceTree = "<group>";
		};
		AA282D0F284B2E0D001AFA07 /* Products */ = {
			isa = PBXGroup;
			children = (
				AA282D0E284B2E0D001AFA07 /* calendar4.app */,
			);
			name = Products;
			sourceTree = "<group>";
		};
		AA282D10284B2E0D001AFA07 /* calendar4 */ = {
			isa = PBXGroup;
			children = (
				AA282D11284B2E0D001AFA07 /* calendar4App.swift */,
				AA282D13284B2E0D001AFA07 /* FSCalendar.swift */,
				AAE12923284DA31E00345345 /* Alert.swift */,
				AA282D15284B2E0F001AFA07 /* Assets.xcassets */,
				AA282D17284B2E0F001AFA07 /* Preview Content */,
			);
			path = calendar4;
			sourceTree = "<group>";
		};
		AA282D17284B2E0F001AFA07 /* Preview Content */ = {
			isa = PBXGroup;
			children = (
				AA282D18284B2E0F001AFA07 /* Preview Assets.xcassets */,
			);
			path = "Preview Content";
			sourceTree = "<group>";
		};
		DF94C2888A0BD6B21A6C3840 /* Pods */ = {
			isa = PBXGroup;
			children = (
				EDA5F2AF35A4DAAACFBC5306 /* Pods-calendar4.debug.xcconfig */,
				E33DDAC7D4D43D1421CFE2A2 /* Pods-calendar4.release.xcconfig */,
			);
			path = Pods;
			sourceTree = "<group>";
		};
/* End PBXGroup section */

/* Begin PBXNativeTarget section */
		AA282D0D284B2E0D001AFA07 /* calendar4 */ = {
			isa = PBXNativeTarget;
			buildConfigurationList = AA282D1C284B2E0F001AFA07 /* Build configuration list for PBXNativeTarget "calendar4" */;
			buildPhases = (
				717A4FF03F6EC4A2FA25A1E7 /* [CP] Check Pods Manifest.lock */,
				AA282D0A284B2E0D001AFA07 /* Sources */,
				AA282D0B284B2E0D001AFA07 /* Frameworks */,
				AA282D0C284B2E0D001AFA07 /* Resources */,
				65C3DA2CA2A8A2955854EB07 /* [CP] Embed Pods Frameworks */,
			);
			buildRules = (
			);
			dependencies = (
			);
			name = calendar4;
			productName = calendar4;
			productReference = AA282D0E284B2E0D001AFA07 /* calendar4.app */;
			productType = "com.apple.product-type.application";
		};
/* End PBXNativeTarget section */

/* Begin PBXProject section */
		AA282D06284B2E0D001AFA07 /* Project object */ = {
			isa = PBXProject;
			attributes = {
				BuildIndependentTargetsInParallel = 1;
				LastSwiftUpdateCheck = 1330;
				LastUpgradeCheck = 1330;
				TargetAttributes = {
					AA282D0D284B2E0D001AFA07 = {
						CreatedOnToolsVersion = 13.3;
					};
				};
			};
			buildConfigurationList = AA282D09284B2E0D001AFA07 /* Build configuration list for PBXProject "calendar4" */;
			compatibilityVersion = "Xcode 13.0";
			developmentRegion = en;
			hasScannedForEncodings = 0;
			knownRegions = (
				en,
				Base,
			);
			mainGroup = AA282D05284B2E0D001AFA07;
			productRefGroup = AA282D0F284B2E0D001AFA07 /* Products */;
			projectDirPath = "";
			projectRoot = "";
			targets = (
				AA282D0D284B2E0D001AFA07 /* calendar4 */,
			);
		};
/* End PBXProject section */

/* Begin PBXResourcesBuildPhase section */
		AA282D0C284B2E0D001AFA07 /* Resources */ = {
			isa = PBXResourcesBuildPhase;
			buildActionMask = 2147483647;
			files = (
				AA282D19284B2E0F001AFA07 /* Preview Assets.xcassets in Resources */,
				AA282D16284B2E0F001AFA07 /* Assets.xcassets in Resources */,
			);
			runOnlyForDeploymentPostprocessing = 0;
		};
/* End PBXResourcesBuildPhase section */

/* Begin PBXShellScriptBuildPhase section */
		65C3DA2CA2A8A2955854EB07 /* [CP] Embed Pods Frameworks */ = {
			isa = PBXShellScriptBuildPhase;
			buildActionMask = 2147483647;
			files = (
			);
			inputFileListPaths = (
				"${PODS_ROOT}/Target Support Files/Pods-calendar4/Pods-calendar4-frameworks-${CONFIGURATION}-input-files.xcfilelist",
			);
			name = "[CP] Embed Pods Frameworks";
			outputFileListPaths = (
				"${PODS_ROOT}/Target Support Files/Pods-calendar4/Pods-calendar4-frameworks-${CONFIGURATION}-output-files.xcfilelist",
			);
			runOnlyForDeploymentPostprocessing = 0;
			shellPath = /bin/sh;
			shellScript = "\"${PODS_ROOT}/Target Support Files/Pods-calendar4/Pods-calendar4-frameworks.sh\"\n";
			showEnvVarsInLog = 0;
		};
		717A4FF03F6EC4A2FA25A1E7 /* [CP] Check Pods Manifest.lock */ = {
			isa = PBXShellScriptBuildPhase;
			buildActionMask = 2147483647;
			files = (
			);
			inputFileListPaths = (
			);
			inputPaths = (
				"${PODS_PODFILE_DIR_PATH}/Podfile.lock",
				"${PODS_ROOT}/Manifest.lock",
			);
			name = "[CP] Check Pods Manifest.lock";
			outputFileListPaths = (
			);
			outputPaths = (
				"$(DERIVED_FILE_DIR)/Pods-calendar4-checkManifestLockResult.txt",
			);
			runOnlyForDeploymentPostprocessing = 0;
			shellPath = /bin/sh;
			shellScript = "diff \"${PODS_PODFILE_DIR_PATH}/Podfile.lock\" \"${PODS_ROOT}/Manifest.lock\" > /dev/null\nif [ $? != 0 ] ; then\n    # print error to STDERR\n    echo \"error: The sandbox is not in sync with the Podfile.lock. Run 'pod install' or update your CocoaPods installation.\" >&2\n    exit 1\nfi\n# This output is used by Xcode 'outputs' to avoid re-running this script phase.\necho \"SUCCESS\" > \"${SCRIPT_OUTPUT_FILE_0}\"\n";
			showEnvVarsInLog = 0;
		};
/* End PBXShellScriptBuildPhase section */

/* Begin PBXSourcesBuildPhase section */
		AA282D0A284B2E0D001AFA07 /* Sources */ = {
			isa = PBXSourcesBuildPhase;
			buildActionMask = 2147483647;
			files = (
				AAE12924284DA31E00345345 /* Alert.swift in Sources */,
				AA282D14284B2E0D001AFA07 /* FSCalendar.swift in Sources */,
				AA282D12284B2E0D001AFA07 /* calendar4App.swift in Sources */,
			);
			runOnlyForDeploymentPostprocessing = 0;
		};
/* End PBXSourcesBuildPhase section */

/* Begin XCBuildConfiguration section */
		AA282D1A284B2E0F001AFA07 /* Debug */ = {
			isa = XCBuildConfiguration;
			buildSettings = {
				ALWAYS_SEARCH_USER_PATHS = NO;
				CLANG_ANALYZER_NONNULL = YES;
				CLANG_ANALYZER_NUMBER_OBJECT_CONVERSION = YES_AGGRESSIVE;
				CLANG_CXX_LANGUAGE_STANDARD = "gnu++17";
				CLANG_ENABLE_MODULES = YES;
				CLANG_ENABLE_OBJC_ARC = YES;
				CLANG_ENABLE_OBJC_WEAK = YES;
				CLANG_WARN_BLOCK_CAPTURE_AUTORELEASING = YES;
				CLANG_WARN_BOOL_CONVERSION = YES;
				CLANG_WARN_COMMA = YES;
				CLANG_WARN_CONSTANT_CONVERSION = YES;
				CLANG_WARN_DEPRECATED_OBJC_IMPLEMENTATIONS = YES;
				CLANG_WARN_DIRECT_OBJC_ISA_USAGE = YES_ERROR;
				CLANG_WARN_DOCUMENTATION_COMMENTS = YES;
				CLANG_WARN_EMPTY_BODY = YES;
				CLANG_WARN_ENUM_CONVERSION = YES;
				CLANG_WARN_INFINITE_RECURSION = YES;
				CLANG_WARN_INT_CONVERSION = YES;
				CLANG_WARN_NON_LITERAL_NULL_CONVERSION = YES;
				CLANG_WARN_OBJC_IMPLICIT_RETAIN_SELF = YES;
				CLANG_WARN_OBJC_LITERAL_CONVERSION = YES;
				CLANG_WARN_OBJC_ROOT_CLASS = YES_ERROR;
				CLANG_WARN_QUOTED_INCLUDE_IN_FRAMEWORK_HEADER = YES;
				CLANG_WARN_RANGE_LOOP_ANALYSIS = YES;
				CLANG_WARN_STRICT_PROTOTYPES = YES;
				CLANG_WARN_SUSPICIOUS_MOVE = YES;
				CLANG_WARN_UNGUARDED_AVAILABILITY = YES_AGGRESSIVE;
				CLANG_WARN_UNREACHABLE_CODE = YES;
				CLANG_WARN__DUPLICATE_METHOD_MATCH = YES;
				COPY_PHASE_STRIP = NO;
				DEBUG_INFORMATION_FORMAT = dwarf;
				ENABLE_STRICT_OBJC_MSGSEND = YES;
				ENABLE_TESTABILITY = YES;
				GCC_C_LANGUAGE_STANDARD = gnu11;
				GCC_DYNAMIC_NO_PIC = NO;
				GCC_NO_COMMON_BLOCKS = YES;
				GCC_OPTIMIZATION_LEVEL = 0;
				GCC_PREPROCESSOR_DEFINITIONS = (
					"DEBUG=1",
					"$(inherited)",
				);
				GCC_WARN_64_TO_32_BIT_CONVERSION = YES;
				GCC_WARN_ABOUT_RETURN_TYPE = YES_ERROR;
				GCC_WARN_UNDECLARED_SELECTOR = YES;
				GCC_WARN_UNINITIALIZED_AUTOS = YES_AGGRESSIVE;
				GCC_WARN_UNUSED_FUNCTION = YES;
				GCC_WARN_UNUSED_VARIABLE = YES;
				IPHONEOS_DEPLOYMENT_TARGET = 15.4;
				MTL_ENABLE_DEBUG_INFO = INCLUDE_SOURCE;
				MTL_FAST_MATH = YES;
				ONLY_ACTIVE_ARCH = YES;
				SDKROOT = iphoneos;
				SWIFT_ACTIVE_COMPILATION_CONDITIONS = DEBUG;
				SWIFT_OPTIMIZATION_LEVEL = "-Onone";
			};
			name = Debug;
		};
		AA282D1B284B2E0F001AFA07 /* Release */ = {
			isa = XCBuildConfiguration;
			buildSettings = {
				ALWAYS_SEARCH_USER_PATHS = NO;
				CLANG_ANALYZER_NONNULL = YES;
				CLANG_ANALYZER_NUMBER_OBJECT_CONVERSION = YES_AGGRESSIVE;
				CLANG_CXX_LANGUAGE_STANDARD = "gnu++17";
				CLANG_ENABLE_MODULES = YES;
				CLANG_ENABLE_OBJC_ARC = YES;
				CLANG_ENABLE_OBJC_WEAK = YES;
				CLANG_WARN_BLOCK_CAPTURE_AUTORELEASING = YES;
				CLANG_WARN_BOOL_CONVERSION = YES;
				CLANG_WARN_COMMA = YES;
				CLANG_WARN_CONSTANT_CONVERSION = YES;
				CLANG_WARN_DEPRECATED_OBJC_IMPLEMENTATIONS = YES;
				CLANG_WARN_DIRECT_OBJC_ISA_USAGE = YES_ERROR;
				CLANG_WARN_DOCUMENTATION_COMMENTS = YES;
				CLANG_WARN_EMPTY_BODY = YES;
				CLANG_WARN_ENUM_CONVERSION = YES;
				CLANG_WARN_INFINITE_RECURSION = YES;
				CLANG_WARN_INT_CONVERSION = YES;
				CLANG_WARN_NON_LITERAL_NULL_CONVERSION = YES;
				CLANG_WARN_OBJC_IMPLICIT_RETAIN_SELF = YES;
				CLANG_WARN_OBJC_LITERAL_CONVERSION = YES;
				CLANG_WARN_OBJC_ROOT_CLASS = YES_ERROR;
				CLANG_WARN_QUOTED_INCLUDE_IN_FRAMEWORK_HEADER = YES;
				CLANG_WARN_RANGE_LOOP_ANALYSIS = YES;
				CLANG_WARN_STRICT_PROTOTYPES = YES;
				CLANG_WARN_SUSPICIOUS_MOVE = YES;
				CLANG_WARN_UNGUARDED_AVAILABILITY = YES_AGGRESSIVE;
				CLANG_WARN_UNREACHABLE_CODE = YES;
				CLANG_WARN__DUPLICATE_METHOD_MATCH = YES;
				COPY_PHASE_STRIP = NO;
				DEBUG_INFORMATION_FORMAT = "dwarf-with-dsym";
				ENABLE_NS_ASSERTIONS = NO;
				ENABLE_STRICT_OBJC_MSGSEND = YES;
				GCC_C_LANGUAGE_STANDARD = gnu11;
				GCC_NO_COMMON_BLOCKS = YES;
				GCC_WARN_64_TO_32_BIT_CONVERSION = YES;
				GCC_WARN_ABOUT_RETURN_TYPE = YES_ERROR;
				GCC_WARN_UNDECLARED_SELECTOR = YES;
				GCC_WARN_UNINITIALIZED_AUTOS = YES_AGGRESSIVE;
				GCC_WARN_UNUSED_FUNCTION = YES;
				GCC_WARN_UNUSED_VARIABLE = YES;
				IPHONEOS_DEPLOYMENT_TARGET = 15.4;
				MTL_ENABLE_DEBUG_INFO = NO;
				MTL_FAST_MATH = YES;
				SDKROOT = iphoneos;
				SWIFT_COMPILATION_MODE = wholemodule;
				SWIFT_OPTIMIZATION_LEVEL = "-O";
				VALIDATE_PRODUCT = YES;
			};
			name = Release;
		};
		AA282D1D284B2E0F001AFA07 /* Debug */ = {
			isa = XCBuildConfiguration;
			baseConfigurationReference = EDA5F2AF35A4DAAACFBC5306 /* Pods-calendar4.debug.xcconfig */;
			buildSettings = {
				ASSETCATALOG_COMPILER_APPICON_NAME = AppIcon;
				ASSETCATALOG_COMPILER_GLOBAL_ACCENT_COLOR_NAME = AccentColor;
				CODE_SIGN_STYLE = Automatic;
				CURRENT_PROJECT_VERSION = 1;
				DEVELOPMENT_ASSET_PATHS = "\"calendar4/Preview Content\"";
				ENABLE_PREVIEWS = YES;
				GENERATE_INFOPLIST_FILE = YES;
				INFOPLIST_KEY_UIApplicationSceneManifest_Generation = YES;
				INFOPLIST_KEY_UIApplicationSupportsIndirectInputEvents = YES;
				INFOPLIST_KEY_UILaunchScreen_Generation = YES;
				INFOPLIST_KEY_UISupportedInterfaceOrientations_iPad = "UIInterfaceOrientationPortrait UIInterfaceOrientationPortraitUpsideDown UIInterfaceOrientationLandscapeLeft UIInterfaceOrientationLandscapeRight";
				INFOPLIST_KEY_UISupportedInterfaceOrientations_iPhone = "UIInterfaceOrientationPortrait UIInterfaceOrientationLandscapeLeft UIInterfaceOrientationLandscapeRight";
				LD_RUNPATH_SEARCH_PATHS = (
					"$(inherited)",
					"@executable_path/Frameworks",
				);
				MARKETING_VERSION = 1.0;
				PRODUCT_BUNDLE_IDENTIFIER = y.calendar4;
				PRODUCT_NAME = "$(TARGET_NAME)";
				SWIFT_EMIT_LOC_STRINGS = YES;
				SWIFT_VERSION = 5.0;
				TARGETED_DEVICE_FAMILY = "1,2";
			};
			name = Debug;
		};
		AA282D1E284B2E0F001AFA07 /* Release */ = {
			isa = XCBuildConfiguration;
			baseConfigurationReference = E33DDAC7D4D43D1421CFE2A2 /* Pods-calendar4.release.xcconfig */;
			buildSettings = {
				ASSETCATALOG_COMPILER_APPICON_NAME = AppIcon;
				ASSETCATALOG_COMPILER_GLOBAL_ACCENT_COLOR_NAME = AccentColor;
				CODE_SIGN_STYLE = Automatic;
				CURRENT_PROJECT_VERSION = 1;
				DEVELOPMENT_ASSET_PATHS = "\"calendar4/Preview Content\"";
				ENABLE_PREVIEWS = YES;
				GENERATE_INFOPLIST_FILE = YES;
				INFOPLIST_KEY_UIApplicationSceneManifest_Generation = YES;
				INFOPLIST_KEY_UIApplicationSupportsIndirectInputEvents = YES;
				INFOPLIST_KEY_UILaunchScreen_Generation = YES;
				INFOPLIST_KEY_UISupportedInterfaceOrientations_iPad = "UIInterfaceOrientationPortrait UIInterfaceOrientationPortraitUpsideDown UIInterfaceOrientationLandscapeLeft UIInterfaceOrientationLandscapeRight";
				INFOPLIST_KEY_UISupportedInterfaceOrientations_iPhone = "UIInterfaceOrientationPortrait UIInterfaceOrientationLandscapeLeft UIInterfaceOrientationLandscapeRight";
				LD_RUNPATH_SEARCH_PATHS = (
					"$(inherited)",
					"@executable_path/Frameworks",
				);
				MARKETING_VERSION = 1.0;
				PRODUCT_BUNDLE_IDENTIFIER = y.calendar4;
				PRODUCT_NAME = "$(TARGET_NAME)";
				SWIFT_EMIT_LOC_STRINGS = YES;
				SWIFT_VERSION = 5.0;
				TARGETED_DEVICE_FAMILY = "1,2";
			};
			name = Release;
		};
/* End XCBuildConfiguration section */

/* Begin XCConfigurationList section */
		AA282D09284B2E0D001AFA07 /* Build configuration list for PBXProject "calendar4" */ = {
			isa = XCConfigurationList;
			buildConfigurations = (
				AA282D1A284B2E0F001AFA07 /* Debug */,
				AA282D1B284B2E0F001AFA07 /* Release */,
			);
			defaultConfigurationIsVisible = 0;
			defaultConfigurationName = Release;
		};
		AA282D1C284B2E0F001AFA07 /* Build configuration list for PBXNativeTarget "calendar4" */ = {
			isa = XCConfigurationList;
			buildConfigurations = (
				AA282D1D284B2E0F001AFA07 /* Debug */,
				AA282D1E284B2E0F001AFA07 /* Release */,
			);
			defaultConfigurationIsVisible = 0;
			defaultConfigurationName = Release;
		};
/* End XCConfigurationList section */
	};
	rootObject = AA282D06284B2E0D001AFA07 /* Project object */;
}
